
Microsoft Visual Studio Solution File, Format Version 12.00
# Visual Studio Version 16
VisualStudioVersion = 16.0.30114.105
MinimumVisualStudioVersion = 10.0.40219.1
Project("{FAE04EC0-301F-11D3-BF4B-00C04F79EFBC}") = "API", "API\API.csproj", "{A3127FFC-9BA7-44AC-BA12-8E43A7343E2A}"
EndProject
Project("{FAE04EC0-301F-11D3-BF4B-00C04F79EFBC}") = "Application", "Application\Application.csproj", "{58989AAA-A15C-40E3-9FE3-A19DD459B8DF}"
EndProject
Project("{FAE04EC0-301F-11D3-BF4B-00C04F79EFBC}") = "Persistence", "Persistence\Persistence.csproj", "{F7A55AE5-B7AF-4E8D-9CE8-DF39C25FCF6A}"
EndProject
Project("{FAE04EC0-301F-11D3-BF4B-00C04F79EFBC}") = "Domain", "Domain\Domain.csproj", "{49F784BB-92BC-4740-92EA-E74B552ED36B}"
EndProject
Global
	GlobalSection(SolutionConfigurationPlatforms) = preSolution
		Debug|Any CPU = Debug|Any CPU
		Release|Any CPU = Release|Any CPU
	EndGlobalSection
	GlobalSection(SolutionProperties) = preSolution
		HideSolutionNode = FALSE
	EndGlobalSection
	GlobalSection(ProjectConfigurationPlatforms) = postSolution
		{A3127FFC-9BA7-44AC-BA12-8E43A7343E2A}.Debug|Any CPU.ActiveCfg = Debug|Any CPU
		{A3127FFC-9BA7-44AC-BA12-8E43A7343E2A}.Debug|Any CPU.Build.0 = Debug|Any CPU
		{A3127FFC-9BA7-44AC-BA12-8E43A7343E2A}.Release|Any CPU.ActiveCfg = Release|Any CPU
		{A3127FFC-9BA7-44AC-BA12-8E43A7343E2A}.Release|Any CPU.Build.0 = Release|Any CPU
		{58989AAA-A15C-40E3-9FE3-A19DD459B8DF}.Debug|Any CPU.ActiveCfg = Debug|Any CPU
		{58989AAA-A15C-40E3-9FE3-A19DD459B8DF}.Debug|Any CPU.Build.0 = Debug|Any CPU
		{58989AAA-A15C-40E3-9FE3-A19DD459B8DF}.Release|Any CPU.ActiveCfg = Release|Any CPU
		{58989AAA-A15C-40E3-9FE3-A19DD459B8DF}.Release|Any CPU.Build.0 = Release|Any CPU
		{F7A55AE5-B7AF-4E8D-9CE8-DF39C25FCF6A}.Debug|Any CPU.ActiveCfg = Debug|Any CPU
		{F7A55AE5-B7AF-4E8D-9CE8-DF39C25FCF6A}.Debug|Any CPU.Build.0 = Debug|Any CPU
		{F7A55AE5-B7AF-4E8D-9CE8-DF39C25FCF6A}.Release|Any CPU.ActiveCfg = Release|Any CPU
		{F7A55AE5-B7AF-4E8D-9CE8-DF39C25FCF6A}.Release|Any CPU.Build.0 = Release|Any CPU
		{49F784BB-92BC-4740-92EA-E74B552ED36B}.Debug|Any CPU.ActiveCfg = Debug|Any CPU
		{49F784BB-92BC-4740-92EA-E74B552ED36B}.Debug|Any CPU.Build.0 = Debug|Any CPU
		{49F784BB-92BC-4740-92EA-E74B552ED36B}.Release|Any CPU.ActiveCfg = Release|Any CPU
		{49F784BB-92BC-4740-92EA-E74B552ED36B}.Release|Any CPU.Build.0 = Release|Any CPU
	EndGlobalSection
EndGlobal
